
Microsoft Visual Studio Solution File, Format Version 12.00
# Visual Studio Version 17
VisualStudioVersion = 17.14.36414.22
MinimumVisualStudioVersion = 10.0.40219.1
Project("{2150E333-8FDC-42A3-9474-1A3956D46DE8}") = "src", "src", "{02EA681E-C7D8-13C7-8484-4AC65E1B71E8}"
EndProject
Project("{2150E333-8FDC-42A3-9474-1A3956D46DE8}") = "test", "test", "{8C99F0EA-4B03-4F16-A512-62E822E84B8C}"
EndProject
Project("{2150E333-8FDC-42A3-9474-1A3956D46DE8}") = "Presentation", "Presentation", "{4490AC23-8E42-43DA-8EE5-E55476F62587}"
EndProject
Project("{2150E333-8FDC-42A3-9474-1A3956D46DE8}") = "Core", "Core", "{E322CA71-D362-4FD3-A719-3CA5361BD4A5}"
EndProject
Project("{2150E333-8FDC-42A3-9474-1A3956D46DE8}") = "Infrastructure", "Infrastructure", "{01035ABD-AF57-49A8-996D-3440B3D448A5}"
EndProject
Project("{FAE04EC0-301F-11D3-BF4B-00C04F79EFBC}") = "Million.Domain", "src\Million.Domain\Million.Domain.csproj", "{E1018CE8-9F35-4DBD-B95F-1CDE25EF2B12}"
EndProject
Project("{FAE04EC0-301F-11D3-BF4B-00C04F79EFBC}") = "Million.Infrastructure", "src\Million.Infrastructure\Million.Infrastructure.csproj", "{E46D42CF-19F2-411D-8E6E-8316600AA905}"
EndProject
Project("{FAE04EC0-301F-11D3-BF4B-00C04F79EFBC}") = "Million.Application", "src\Million.Application\Million.Application.csproj", "{F1075584-9892-430F-B618-EDEFBE852332}"
EndProject
Project("{FAE04EC0-301F-11D3-BF4B-00C04F79EFBC}") = "Million.API", "src\Million.API\Million.API.csproj", "{A516D39B-DED8-4E9E-8391-6AC1A1DAD9F4}"
EndProject
Project("{FAE04EC0-301F-11D3-BF4B-00C04F79EFBC}") = "Million.API.Tests", "src\Million.API.Tests\Million.API.Tests.csproj", "{6F8494AB-5166-4779-993D-218F6CFDABBB}"
EndProject
Global
	GlobalSection(SolutionConfigurationPlatforms) = preSolution
		Debug|Any CPU = Debug|Any CPU
		Release|Any CPU = Release|Any CPU
	EndGlobalSection
	GlobalSection(ProjectConfigurationPlatforms) = postSolution
		{E1018CE8-9F35-4DBD-B95F-1CDE25EF2B12}.Debug|Any CPU.ActiveCfg = Debug|Any CPU
		{E1018CE8-9F35-4DBD-B95F-1CDE25EF2B12}.Debug|Any CPU.Build.0 = Debug|Any CPU
		{E1018CE8-9F35-4DBD-B95F-1CDE25EF2B12}.Release|Any CPU.ActiveCfg = Release|Any CPU
		{E1018CE8-9F35-4DBD-B95F-1CDE25EF2B12}.Release|Any CPU.Build.0 = Release|Any CPU
		{E46D42CF-19F2-411D-8E6E-8316600AA905}.Debug|Any CPU.ActiveCfg = Debug|Any CPU
		{E46D42CF-19F2-411D-8E6E-8316600AA905}.Debug|Any CPU.Build.0 = Debug|Any CPU
		{E46D42CF-19F2-411D-8E6E-8316600AA905}.Release|Any CPU.ActiveCfg = Release|Any CPU
		{E46D42CF-19F2-411D-8E6E-8316600AA905}.Release|Any CPU.Build.0 = Release|Any CPU
		{F1075584-9892-430F-B618-EDEFBE852332}.Debug|Any CPU.ActiveCfg = Debug|Any CPU
		{F1075584-9892-430F-B618-EDEFBE852332}.Debug|Any CPU.Build.0 = Debug|Any CPU
		{F1075584-9892-430F-B618-EDEFBE852332}.Release|Any CPU.ActiveCfg = Release|Any CPU
		{F1075584-9892-430F-B618-EDEFBE852332}.Release|Any CPU.Build.0 = Release|Any CPU
		{A516D39B-DED8-4E9E-8391-6AC1A1DAD9F4}.Debug|Any CPU.ActiveCfg = Debug|Any CPU
		{A516D39B-DED8-4E9E-8391-6AC1A1DAD9F4}.Debug|Any CPU.Build.0 = Debug|Any CPU
		{A516D39B-DED8-4E9E-8391-6AC1A1DAD9F4}.Release|Any CPU.ActiveCfg = Release|Any CPU
		{A516D39B-DED8-4E9E-8391-6AC1A1DAD9F4}.Release|Any CPU.Build.0 = Release|Any CPU
		{6F8494AB-5166-4779-993D-218F6CFDABBB}.Debug|Any CPU.ActiveCfg = Debug|Any CPU
		{6F8494AB-5166-4779-993D-218F6CFDABBB}.Debug|Any CPU.Build.0 = Debug|Any CPU
		{6F8494AB-5166-4779-993D-218F6CFDABBB}.Release|Any CPU.ActiveCfg = Release|Any CPU
		{6F8494AB-5166-4779-993D-218F6CFDABBB}.Release|Any CPU.Build.0 = Release|Any CPU
	EndGlobalSection
	GlobalSection(SolutionProperties) = preSolution
		HideSolutionNode = FALSE
	EndGlobalSection
	GlobalSection(NestedProjects) = preSolution
		{4490AC23-8E42-43DA-8EE5-E55476F62587} = {02EA681E-C7D8-13C7-8484-4AC65E1B71E8}
		{E322CA71-D362-4FD3-A719-3CA5361BD4A5} = {02EA681E-C7D8-13C7-8484-4AC65E1B71E8}
		{01035ABD-AF57-49A8-996D-3440B3D448A5} = {02EA681E-C7D8-13C7-8484-4AC65E1B71E8}
		{E1018CE8-9F35-4DBD-B95F-1CDE25EF2B12} = {E322CA71-D362-4FD3-A719-3CA5361BD4A5}
		{E46D42CF-19F2-411D-8E6E-8316600AA905} = {01035ABD-AF57-49A8-996D-3440B3D448A5}
		{F1075584-9892-430F-B618-EDEFBE852332} = {E322CA71-D362-4FD3-A719-3CA5361BD4A5}
		{A516D39B-DED8-4E9E-8391-6AC1A1DAD9F4} = {4490AC23-8E42-43DA-8EE5-E55476F62587}
		{6F8494AB-5166-4779-993D-218F6CFDABBB} = {8C99F0EA-4B03-4F16-A512-62E822E84B8C}
	EndGlobalSection
	GlobalSection(ExtensibilityGlobals) = postSolution
		SolutionGuid = {8CF2E625-F1E1-4C47-9597-9BBAF1CD10FC}
	EndGlobalSection
EndGlobal
